
Microsoft Visual Studio Solution File, Format Version 12.00
# Visual Studio Version 17
VisualStudioVersion = 17.8.34601.278
MinimumVisualStudioVersion = 10.0.40219.1
Project("{FAE04EC0-301F-11D3-BF4B-00C04F79EFBC}") = "AttorneyScheduling", "AttorneyScheduling\AttorneyScheduling.csproj", "{05CFE8F7-E365-43CD-9067-2C6581FC4BE7}"
EndProject
Project("{FAE04EC0-301F-11D3-BF4B-00C04F79EFBC}") = "DataAccess", "DataAccess\DataAccess.csproj", "{5B3769FB-397F-43AE-BEE7-910C22E3DA8F}"
EndProject
Global
	GlobalSection(SolutionConfigurationPlatforms) = preSolution
		Debug|Any CPU = Debug|Any CPU
		Release|Any CPU = Release|Any CPU
	EndGlobalSection
	GlobalSection(ProjectConfigurationPlatforms) = postSolution
		{05CFE8F7-E365-43CD-9067-2C6581FC4BE7}.Debug|Any CPU.ActiveCfg = Debug|Any CPU
		{05CFE8F7-E365-43CD-9067-2C6581FC4BE7}.Debug|Any CPU.Build.0 = Debug|Any CPU
		{05CFE8F7-E365-43CD-9067-2C6581FC4BE7}.Release|Any CPU.ActiveCfg = Release|Any CPU
		{05CFE8F7-E365-43CD-9067-2C6581FC4BE7}.Release|Any CPU.Build.0 = Release|Any CPU
		{5B3769FB-397F-43AE-BEE7-910C22E3DA8F}.Debug|Any CPU.ActiveCfg = Debug|Any CPU
		{5B3769FB-397F-43AE-BEE7-910C22E3DA8F}.Debug|Any CPU.Build.0 = Debug|Any CPU
		{5B3769FB-397F-43AE-BEE7-910C22E3DA8F}.Release|Any CPU.ActiveCfg = Release|Any CPU
		{5B3769FB-397F-43AE-BEE7-910C22E3DA8F}.Release|Any CPU.Build.0 = Release|Any CPU
	EndGlobalSection
	GlobalSection(SolutionProperties) = preSolution
		HideSolutionNode = FALSE
	EndGlobalSection
	GlobalSection(ExtensibilityGlobals) = postSolution
		SolutionGuid = {258061B0-CA4A-4B83-8ABC-9B574F73B118}
	EndGlobalSection
EndGlobal
